
Microsoft Visual Studio Solution File, Format Version 12.00
# Visual Studio 15
VisualStudioVersion = 15.0.27703.2000
MinimumVisualStudioVersion = 10.0.40219.1
Project("{FAE04EC0-301F-11D3-BF4B-00C04F79EFBC}") = "BJArgorithm", "BJArgoritm\BJArgorithm.csproj", "{C7347B2C-DDBD-401B-9F59-D88BA9EBC380}"
EndProject
Global
	GlobalSection(SolutionConfigurationPlatforms) = preSolution
		Debug|Any CPU = Debug|Any CPU
		Release|Any CPU = Release|Any CPU
	EndGlobalSection
	GlobalSection(ProjectConfigurationPlatforms) = postSolution
		{C7347B2C-DDBD-401B-9F59-D88BA9EBC380}.Debug|Any CPU.ActiveCfg = Debug|Any CPU
		{C7347B2C-DDBD-401B-9F59-D88BA9EBC380}.Debug|Any CPU.Build.0 = Debug|Any CPU
		{C7347B2C-DDBD-401B-9F59-D88BA9EBC380}.Release|Any CPU.ActiveCfg = Release|Any CPU
		{C7347B2C-DDBD-401B-9F59-D88BA9EBC380}.Release|Any CPU.Build.0 = Release|Any CPU
	EndGlobalSection
	GlobalSection(SolutionProperties) = preSolution
		HideSolutionNode = FALSE
	EndGlobalSection
	GlobalSection(ExtensibilityGlobals) = postSolution
		SolutionGuid = {39A636B8-CA0D-4245-A81D-D0AE2B35AA67}
	EndGlobalSection
EndGlobal
